
Microsoft Visual Studio Solution File, Format Version 12.00
# Visual Studio Version 16
VisualStudioVersion = 16.0.30907.101
MinimumVisualStudioVersion = 10.0.40219.1
Project("{9A19103F-16F7-4668-BE54-9A1E7A4F7556}") = "Project", "Project\Project.csproj", "{553D52B9-F94D-428E-BADA-3D29993CDA55}"
EndProject
Project("{FAE04EC0-301F-11D3-BF4B-00C04F79EFBC}") = "ProjectTests", "ProjectTests\ProjectTests.csproj", "{065B7A36-45F7-4CC1-B5BF-A25E402A7A50}"
EndProject
Global
	GlobalSection(SolutionConfigurationPlatforms) = preSolution
		Debug|Any CPU = Debug|Any CPU
		Release|Any CPU = Release|Any CPU
	EndGlobalSection
	GlobalSection(ProjectConfigurationPlatforms) = postSolution
		{553D52B9-F94D-428E-BADA-3D29993CDA55}.Debug|Any CPU.ActiveCfg = Debug|Any CPU
		{553D52B9-F94D-428E-BADA-3D29993CDA55}.Debug|Any CPU.Build.0 = Debug|Any CPU
		{553D52B9-F94D-428E-BADA-3D29993CDA55}.Release|Any CPU.ActiveCfg = Release|Any CPU
		{553D52B9-F94D-428E-BADA-3D29993CDA55}.Release|Any CPU.Build.0 = Release|Any CPU
		{065B7A36-45F7-4CC1-B5BF-A25E402A7A50}.Debug|Any CPU.ActiveCfg = Debug|Any CPU
		{065B7A36-45F7-4CC1-B5BF-A25E402A7A50}.Debug|Any CPU.Build.0 = Debug|Any CPU
		{065B7A36-45F7-4CC1-B5BF-A25E402A7A50}.Release|Any CPU.ActiveCfg = Release|Any CPU
		{065B7A36-45F7-4CC1-B5BF-A25E402A7A50}.Release|Any CPU.Build.0 = Release|Any CPU
	EndGlobalSection
	GlobalSection(SolutionProperties) = preSolution
		HideSolutionNode = FALSE
	EndGlobalSection
	GlobalSection(ExtensibilityGlobals) = postSolution
		SolutionGuid = {290AF274-5F99-477B-9F8B-CB3B105DC3FB}
	EndGlobalSection
EndGlobal
